lockfileVersion: '6.1'

settings:
  autoInstallPeers: true
  excludeLinksFromLockfile: false

devDependencies:
  turbo:
    specifier: 1.10.1
    version: 1.10.1

packages:

  /turbo-darwin-64@1.10.1:
    resolution: {integrity: sha512-isLLoPuAOMNsYovOq9BhuQOZWQuU13zYsW988KkkaA4OJqOn7qwa9V/KBYCJL8uVQqtG+/Y42J37lO8RJjyXuA==}
    cpu: [x64]
    os: [darwin]
    requiresBuild: true
    dev: true
    optional: true

  /turbo-darwin-arm64@1.10.1:
    resolution: {integrity: sha512-x1nloPR10fLElNCv17BKr0kCx/O5gse/UXAcVscMZH2tvRUtXrdBmut62uw2YU3J9hli2fszYjUWXkulVpQvFA==}
    cpu: [arm64]
    os: [darwin]
    requiresBuild: true
    dev: true
    optional: true

  /turbo-linux-64@1.10.1:
    resolution: {integrity: sha512-abV+ODCeOlz0503OZlHhPWdy3VwJZc1jObf1VQj7uQM+JqJ/kXbMyqJIMQVz+m7QJUFdferYPRxGhYT/NbYK7Q==}
    cpu: [x64]
    os: [linux]
    requiresBuild: true
    dev: true
    optional: true

  /turbo-linux-arm64@1.10.1:
    resolution: {integrity: sha512-zRC3nZbHQ63tofOmbuySzEn1ROISWTkemYYr1L98rpmT5aVa0kERlGiYcfDwZh3cBso/Ylg/wxexRAaPzcCJYQ==}
    cpu: [arm64]
    os: [linux]
    requiresBuild: true
    dev: true
    optional: true

  /turbo-windows-64@1.10.1:
    resolution: {integrity: sha512-Irqz8IU+o7Q/5V44qatZBTunk+FQAOII1hZTsEU54ah62f9Y297K6/LSp+yncmVQOZlFVccXb6MDqcETExIQtA==}
    cpu: [x64]
    os: [win32]
    requiresBuild: true
    dev: true
    optional: true

  /turbo-windows-arm64@1.10.1:
    resolution: {integrity: sha512-124IT15d2gyjC+NEn11pHOaVFvZDRHpxfF+LDUzV7YxfNIfV0mGkR3R/IyVXtQHOgqOdtQTbC4y411sm31+SEw==}
    cpu: [arm64]
    os: [win32]
    requiresBuild: true
    dev: true
    optional: true

  /turbo@1.10.1:
    resolution: {integrity: sha512-wq0YeSv6P/eEDXOL42jkMUr+T4z34dM8mdHu5u6C6OOAq8JuLJ72F/v4EVR1JmY8icyTkFz10ICLV0haUUYhbQ==}
    hasBin: true
    requiresBuild: true
    optionalDependencies:
      turbo-darwin-64: 1.10.1
      turbo-darwin-arm64: 1.10.1
      turbo-linux-64: 1.10.1
      turbo-linux-arm64: 1.10.1
      turbo-windows-64: 1.10.1
      turbo-windows-arm64: 1.10.1
    dev: true
